Microsoft Visual Studio Solution File, Format Version 12.00
# Visual Studio 2012
VisualStudioVersion = 12.0.0.0
MinimumVisualStudioVersion = 10.0.0.1
Project("{FAE04EC0-301F-11D3-BF4B-00C04F79EFBC}") = "Whisper.Api.Sdk", "src\Whisper.Api.Sdk\Whisper.Api.Sdk.csproj", "{00DD6447-2E73-44B1-BEBD-9DE82D4A59D4}"
EndProject
Project("{FAE04EC0-301F-11D3-BF4B-00C04F79EFBC}") = "Whisper.Api.Sdk.Test", "src\Whisper.Api.Sdk.Test\Whisper.Api.Sdk.Test.csproj", "{19F1DEBC-DE5E-4517-8062-F000CD499087}"
EndProject
Global
	GlobalSection(SolutionConfigurationPlatforms) = preSolution
		Debug|Any CPU = Debug|Any CPU
		Release|Any CPU = Release|Any CPU
	EndGlobalSection
	GlobalSection(ProjectConfigurationPlatforms) = postSolution
		{00DD6447-2E73-44B1-BEBD-9DE82D4A59D4}.Debug|Any CPU.ActiveCfg = Debug|Any CPU
		{00DD6447-2E73-44B1-BEBD-9DE82D4A59D4}.Debug|Any CPU.Build.0 = Debug|Any CPU
		{00DD6447-2E73-44B1-BEBD-9DE82D4A59D4}.Release|Any CPU.ActiveCfg = Release|Any CPU
		{00DD6447-2E73-44B1-BEBD-9DE82D4A59D4}.Release|Any CPU.Build.0 = Release|Any CPU
		{19F1DEBC-DE5E-4517-8062-F000CD499087}.Debug|Any CPU.ActiveCfg = Debug|Any CPU
		{19F1DEBC-DE5E-4517-8062-F000CD499087}.Debug|Any CPU.Build.0 = Debug|Any CPU
		{19F1DEBC-DE5E-4517-8062-F000CD499087}.Release|Any CPU.ActiveCfg = Release|Any CPU
		{19F1DEBC-DE5E-4517-8062-F000CD499087}.Release|Any CPU.Build.0 = Release|Any CPU
	EndGlobalSection
	GlobalSection(SolutionProperties) = preSolution
		HideSolutionNode = FALSE
	EndGlobalSection
EndGlobal